// !$*UTF8*$!
{
	archiveVersion = 1;
	classes = {
	};
	objectVersion = 50;
	objects = {

/* Begin PBXBuildFile section */
		214260F0245E58F0008FCA4D /* AppDelegate.swift in Sources */ = {isa = PBXBuildFile; fileRef = 214260EF245E58F0008FCA4D /* AppDelegate.swift */; };
		214260F3245E58F0008FCA4D /* GoogleBloggerApp.xcdatamodeld in Sources */ = {isa = PBXBuildFile; fileRef = 214260F1245E58F0008FCA4D /* GoogleBloggerApp.xcdatamodeld */; };
		214260F5245E58F0008FCA4D /* SceneDelegate.swift in Sources */ = {isa = PBXBuildFile; fileRef = 214260F4245E58F0008FCA4D /* SceneDelegate.swift */; };
		214260F7245E58F0008FCA4D /* MasterViewController.swift in Sources */ = {isa = PBXBuildFile; fileRef = 214260F6245E58F0008FCA4D /* MasterViewController.swift */; };
		214260F9245E58F0008FCA4D /* DetailViewController.swift in Sources */ = {isa = PBXBuildFile; fileRef = 214260F8245E58F0008FCA4D /* DetailViewController.swift */; };
		214260FC245E58F0008FCA4D /* Main.storyboard in Resources */ = {isa = PBXBuildFile; fileRef = 214260FA245E58F0008FCA4D /* Main.storyboard */; };
		214260FE245E58F2008FCA4D /* Assets.xcassets in Resources */ = {isa = PBXBuildFile; fileRef = 214260FD245E58F2008FCA4D /* Assets.xcassets */; };
		21426101245E58F2008FCA4D /* LaunchScreen.storyboard in Resources */ = {isa = PBXBuildFile; fileRef = 214260FF245E58F2008FCA4D /* LaunchScreen.storyboard */; };
/* End PBXBuildFile section */

/* Begin PBXFileReference section */
		214260EC245E58F0008FCA4D /* GoogleBloggerApp.app */ = {isa = PBXFileReference; explicitFileType = wrapper.application; includeInIndex = 0; path = GoogleBloggerApp.app; sourceTree = BUILT_PRODUCTS_DIR; };
		214260EF245E58F0008FCA4D /* AppDelegate.swift */ = {isa = PBXFileReference; lastKnownFileType = sourcecode.swift; path = AppDelegate.swift; sourceTree = "<group>"; };
		214260F2245E58F0008FCA4D /* GoogleBloggerApp.xcdatamodel */ = {isa = PBXFileReference; lastKnownFileType = wrapper.xcdatamodel; path = GoogleBloggerApp.xcdatamodel; sourceTree = "<group>"; };
		214260F4245E58F0008FCA4D /* SceneDelegate.swift */ = {isa = PBXFileReference; lastKnownFileType = sourcecode.swift; path = SceneDelegate.swift; sourceTree = "<group>"; };
		214260F6245E58F0008FCA4D /* MasterViewController.swift */ = {isa = PBXFileReference; lastKnownFileType = sourcecode.swift; path = MasterViewController.swift; sourceTree = "<group>"; };
		214260F8245E58F0008FCA4D /* DetailViewController.swift */ = {isa = PBXFileReference; lastKnownFileType = sourcecode.swift; path = DetailViewController.swift; sourceTree = "<group>"; };
		214260FB245E58F0008FCA4D /* Base */ = {isa = PBXFileReference; lastKnownFileType = file.storyboard; name = Base; path = Base.lproj/Main.storyboard; sourceTree = "<group>"; };
		214260FD245E58F2008FCA4D /* Assets.xcassets */ = {isa = PBXFileReference; lastKnownFileType = folder.assetcatalog; path = Assets.xcassets; sourceTree = "<group>"; };
		21426100245E58F2008FCA4D /* Base */ = {isa = PBXFileReference; lastKnownFileType = file.storyboard; name = Base; path = Base.lproj/LaunchScreen.storyboard; sourceTree = "<group>"; };
		21426102245E58F2008FCA4D /* Info.plist */ = {isa = PBXFileReference; lastKnownFileType = text.plist.xml; path = Info.plist; sourceTree = "<group>"; };
/* End PBXFileReference section */

/* Begin PBXFrameworksBuildPhase section */
		214260E9245E58F0008FCA4D /* Frameworks */ = {
			isa = PBXFrameworksBuildPhase;
			buildActionMask = 2147483647;
			files = (
			);
			runOnlyForDeploymentPostprocessing = 0;
		};
/* End PBXFrameworksBuildPhase section */

/* Begin PBXGroup section */
		214260E3245E58F0008FCA4D = {
			isa = PBXGroup;
			children = (
				214260EE245E58F0008FCA4D /* GoogleBloggerApp */,
				214260ED245E58F0008FCA4D /* Products */,
			);
			sourceTree = "<group>";
		};
		214260ED245E58F0008FCA4D /* Products */ = {
			isa = PBXGroup;
			children = (
				214260EC245E58F0008FCA4D /* GoogleBloggerApp.app */,
			);
			name = Products;
			sourceTree = "<group>";
		};
		214260EE245E58F0008FCA4D /* GoogleBloggerApp */ = {
			isa = PBXGroup;
			children = (
				214260EF245E58F0008FCA4D /* AppDelegate.swift */,
				214260F4245E58F0008FCA4D /* SceneDelegate.swift */,
				214260F6245E58F0008FCA4D /* MasterViewController.swift */,
				214260F8245E58F0008FCA4D /* DetailViewController.swift */,
				214260FA245E58F0008FCA4D /* Main.storyboard */,
				214260FD245E58F2008FCA4D /* Assets.xcassets */,
				214260FF245E58F2008FCA4D /* LaunchScreen.storyboard */,
				21426102245E58F2008FCA4D /* Info.plist */,
				214260F1245E58F0008FCA4D /* GoogleBloggerApp.xcdatamodeld */,
			);
			path = GoogleBloggerApp;
			sourceTree = "<group>";
		};
/* End PBXGroup section */

/* Begin PBXNativeTarget section */
		214260EB245E58F0008FCA4D /* GoogleBloggerApp */ = {
			isa = PBXNativeTarget;
			buildConfigurationList = 21426105245E58F2008FCA4D /* Build configuration list for PBXNativeTarget "GoogleBloggerApp" */;
			buildPhases = (
				214260E8245E58F0008FCA4D /* Sources */,
				214260E9245E58F0008FCA4D /* Frameworks */,
				214260EA245E58F0008FCA4D /* Resources */,
			);
			buildRules = (
			);
			dependencies = (
			);
			name = GoogleBloggerApp;
			productName = GoogleBloggerApp;
			productReference = 214260EC245E58F0008FCA4D /* GoogleBloggerApp.app */;
			productType = "com.apple.product-type.application";
		};
/* End PBXNativeTarget section */

/* Begin PBXProject section */
		214260E4245E58F0008FCA4D /* Project object */ = {
			isa = PBXProject;
			attributes = {
				LastSwiftUpdateCheck = 1140;
				LastUpgradeCheck = 1140;
				ORGANIZATIONNAME = "Anton Veldanov";
				TargetAttributes = {
					214260EB245E58F0008FCA4D = {
						CreatedOnToolsVersion = 11.4.1;
					};
				};
			};
			buildConfigurationList = 214260E7245E58F0008FCA4D /* Build configuration list for PBXProject "GoogleBloggerApp" */;
			compatibilityVersion = "Xcode 9.3";
			developmentRegion = en;
			hasScannedForEncodings = 0;
			knownRegions = (
				en,
				Base,
			);
			mainGroup = 214260E3245E58F0008FCA4D;
			productRefGroup = 214260ED245E58F0008FCA4D /* Products */;
			projectDirPath = "";
			projectRoot = "";
			targets = (
				214260EB245E58F0008FCA4D /* GoogleBloggerApp */,
			);
		};
/* End PBXProject section */

/* Begin PBXResourcesBuildPhase section */
		214260EA245E58F0008FCA4D /* Resources */ = {
			isa = PBXResourcesBuildPhase;
			buildActionMask = 2147483647;
			files = (
				21426101245E58F2008FCA4D /* LaunchScreen.storyboard in Resources */,
				214260FE245E58F2008FCA4D /* Assets.xcassets in Resources */,
				214260FC245E58F0008FCA4D /* Main.storyboard in Resources */,
			);
			runOnlyForDeploymentPostprocessing = 0;
		};
/* End PBXResourcesBuildPhase section */

/* Begin PBXSourcesBuildPhase section */
		214260E8245E58F0008FCA4D /* Sources */ = {
			isa = PBXSourcesBuildPhase;
			buildActionMask = 2147483647;
			files = (
				214260F7245E58F0008FCA4D /* MasterViewController.swift in Sources */,
				214260F0245E58F0008FCA4D /* AppDelegate.swift in Sources */,
				214260F9245E58F0008FCA4D /* DetailViewController.swift in Sources */,
				214260F3245E58F0008FCA4D /* GoogleBloggerApp.xcdatamodeld in Sources */,
				214260F5245E58F0008FCA4D /* SceneDelegate.swift in Sources */,
			);
			runOnlyForDeploymentPostprocessing = 0;
		};
/* End PBXSourcesBuildPhase section */

/* Begin PBXVariantGroup section */
		214260FA245E58F0008FCA4D /* Main.storyboard */ = {
			isa = PBXVariantGroup;
			children = (
				214260FB245E58F0008FCA4D /* Base */,
			);
			name = Main.storyboard;
			sourceTree = "<group>";
		};
		214260FF245E58F2008FCA4D /* LaunchScreen.storyboard */ = {
			isa = PBXVariantGroup;
			children = (
				21426100245E58F2008FCA4D /* Base */,
			);
			name = LaunchScreen.storyboard;
			sourceTree = "<group>";
		};
/* End PBXVariantGroup section */

/* Begin XCBuildConfiguration section */
		21426103245E58F2008FCA4D /* Debug */ = {
			isa = XCBuildConfiguration;
			buildSettings = {
				ALWAYS_SEARCH_USER_PATHS = NO;
				CLANG_ANALYZER_NONNULL = YES;
				CLANG_ANALYZER_NUMBER_OBJECT_CONVERSION = YES_AGGRESSIVE;
				CLANG_CXX_LANGUAGE_STANDARD = "gnu++14";
				CLANG_CXX_LIBRARY = "libc++";
				CLANG_ENABLE_MODULES = YES;
				CLANG_ENABLE_OBJC_ARC = YES;
				CLANG_ENABLE_OBJC_WEAK = YES;
				CLANG_WARN_BLOCK_CAPTURE_AUTORELEASING = YES;
				CLANG_WARN_BOOL_CONVERSION = YES;
				CLANG_WARN_COMMA = YES;
				CLANG_WARN_CONSTANT_CONVERSION = YES;
				CLANG_WARN_DEPRECATED_OBJC_IMPLEMENTATIONS = YES;
				CLANG_WARN_DIRECT_OBJC_ISA_USAGE = YES_ERROR;
				CLANG_WARN_DOCUMENTATION_COMMENTS = YES;
				CLANG_WARN_EMPTY_BODY = YES;
				CLANG_WARN_ENUM_CONVERSION = YES;
				CLANG_WARN_INFINITE_RECURSION = YES;
				CLANG_WARN_INT_CONVERSION = YES;
				CLANG_WARN_NON_LITERAL_NULL_CONVERSION = YES;
				CLANG_WARN_OBJC_IMPLICIT_RETAIN_SELF = YES;
				CLANG_WARN_OBJC_LITERAL_CONVERSION = YES;
				CLANG_WARN_OBJC_ROOT_CLASS = YES_ERROR;
				CLANG_WARN_RANGE_LOOP_ANALYSIS = YES;
				CLANG_WARN_STRICT_PROTOTYPES = YES;
				CLANG_WARN_SUSPICIOUS_MOVE = YES;
				CLANG_WARN_UNGUARDED_AVAILABILITY = YES_AGGRESSIVE;
				CLANG_WARN_UNREACHABLE_CODE = YES;
				CLANG_WARN__DUPLICATE_METHOD_MATCH = YES;
				COPY_PHASE_STRIP = NO;
				DEBUG_INFORMATION_FORMAT = dwarf;
				ENABLE_STRICT_OBJC_MSGSEND = YES;
				ENABLE_TESTABILITY = YES;
				GCC_C_LANGUAGE_STANDARD = gnu11;
				GCC_DYNAMIC_NO_PIC = NO;
				GCC_NO_COMMON_BLOCKS = YES;
				GCC_OPTIMIZATION_LEVEL = 0;
				GCC_PREPROCESSOR_DEFINITIONS = (
					"DEBUG=1",
					"$(inherited)",
				);
				GCC_WARN_64_TO_32_BIT_CONVERSION = YES;
				GCC_WARN_ABOUT_RETURN_TYPE = YES_ERROR;
				GCC_WARN_UNDECLARED_SELECTOR = YES;
				GCC_WARN_UNINITIALIZED_AUTOS = YES_AGGRESSIVE;
				GCC_WARN_UNUSED_FUNCTION = YES;
				GCC_WARN_UNUSED_VARIABLE = YES;
				IPHONEOS_DEPLOYMENT_TARGET = 13.4;
				MTL_ENABLE_DEBUG_INFO = INCLUDE_SOURCE;
				MTL_FAST_MATH = YES;
				ONLY_ACTIVE_ARCH = YES;
				SDKROOT = iphoneos;
				SWIFT_ACTIVE_COMPILATION_CONDITIONS = DEBUG;
				SWIFT_OPTIMIZATION_LEVEL = "-Onone";
			};
			name = Debug;
		};
		21426104245E58F2008FCA4D /* Release */ = {
			isa = XCBuildConfiguration;
			buildSettings = {
				ALWAYS_SEARCH_USER_PATHS = NO;
				CLANG_ANALYZER_NONNULL = YES;
				CLANG_ANALYZER_NUMBER_OBJECT_CONVERSION = YES_AGGRESSIVE;
				CLANG_CXX_LANGUAGE_STANDARD = "gnu++14";
				CLANG_CXX_LIBRARY = "libc++";
				CLANG_ENABLE_MODULES = YES;
				CLANG_ENABLE_OBJC_ARC = YES;
				CLANG_ENABLE_OBJC_WEAK = YES;
				CLANG_WARN_BLOCK_CAPTURE_AUTORELEASING = YES;
				CLANG_WARN_BOOL_CONVERSION = YES;
				CLANG_WARN_COMMA = YES;
				CLANG_WARN_CONSTANT_CONVERSION = YES;
				CLANG_WARN_DEPRECATED_OBJC_IMPLEMENTATIONS = YES;
				CLANG_WARN_DIRECT_OBJC_ISA_USAGE = YES_ERROR;
				CLANG_WARN_DOCUMENTATION_COMMENTS = YES;
				CLANG_WARN_EMPTY_BODY = YES;
				CLANG_WARN_ENUM_CONVERSION = YES;
				CLANG_WARN_INFINITE_RECURSION = YES;
				CLANG_WARN_INT_CONVERSION = YES;
				CLANG_WARN_NON_LITERAL_NULL_CONVERSION = YES;
				CLANG_WARN_OBJC_IMPLICIT_RETAIN_SELF = YES;
				CLANG_WARN_OBJC_LITERAL_CONVERSION = YES;
				CLANG_WARN_OBJC_ROOT_CLASS = YES_ERROR;
				CLANG_WARN_RANGE_LOOP_ANALYSIS = YES;
				CLANG_WARN_STRICT_PROTOTYPES = YES;
				CLANG_WARN_SUSPICIOUS_MOVE = YES;
				CLANG_WARN_UNGUARDED_AVAILABILITY = YES_AGGRESSIVE;
				CLANG_WARN_UNREACHABLE_CODE = YES;
				CLANG_WARN__DUPLICATE_METHOD_MATCH = YES;
				COPY_PHASE_STRIP = NO;
				DEBUG_INFORMATION_FORMAT = "dwarf-with-dsym";
				ENABLE_NS_ASSERTIONS = NO;
				ENABLE_STRICT_OBJC_MSGSEND = YES;
				GCC_C_LANGUAGE_STANDARD = gnu11;
				GCC_NO_COMMON_BLOCKS = YES;
				GCC_WARN_64_TO_32_BIT_CONVERSION = YES;
				GCC_WARN_ABOUT_RETURN_TYPE = YES_ERROR;
				GCC_WARN_UNDECLARED_SELECTOR = YES;
				GCC_WARN_UNINITIALIZED_AUTOS = YES_AGGRESSIVE;
				GCC_WARN_UNUSED_FUNCTION = YES;
				GCC_WARN_UNUSED_VARIABLE = YES;
				IPHONEOS_DEPLOYMENT_TARGET = 13.4;
				MTL_ENABLE_DEBUG_INFO = NO;
				MTL_FAST_MATH = YES;
				SDKROOT = iphoneos;
				SWIFT_COMPILATION_MODE = wholemodule;
				SWIFT_OPTIMIZATION_LEVEL = "-O";
				VALIDATE_PRODUCT = YES;
			};
			name = Release;
		};
		21426106245E58F2008FCA4D /* Debug */ = {
			isa = XCBuildConfiguration;
			buildSettings = {
				ASSETCATALOG_COMPILER_APPICON_NAME = AppIcon;
				CODE_SIGN_STYLE = Automatic;
				DEVELOPMENT_TEAM = QLJ84Q3ZSY;
				INFOPLIST_FILE = GoogleBloggerApp/Info.plist;
				LD_RUNPATH_SEARCH_PATHS = (
					"$(inherited)",
					"@executable_path/Frameworks",
				);
				PRODUCT_BUNDLE_IDENTIFIER = com.aveldanov.GoogleBloggerApp;
				PRODUCT_NAME = "$(TARGET_NAME)";
				SWIFT_VERSION = 5.0;
				TARGETED_DEVICE_FAMILY = "1,2";
			};
			name = Debug;
		};
		21426107245E58F2008FCA4D /* Release */ = {
			isa = XCBuildConfiguration;
			buildSettings = {
				ASSETCATALOG_COMPILER_APPICON_NAME = AppIcon;
				CODE_SIGN_STYLE = Automatic;
				DEVELOPMENT_TEAM = QLJ84Q3ZSY;
				INFOPLIST_FILE = GoogleBloggerApp/Info.plist;
				LD_RUNPATH_SEARCH_PATHS = (
					"$(inherited)",
					"@executable_path/Frameworks",
				);
				PRODUCT_BUNDLE_IDENTIFIER = com.aveldanov.GoogleBloggerApp;
				PRODUCT_NAME = "$(TARGET_NAME)";
				SWIFT_VERSION = 5.0;
				TARGETED_DEVICE_FAMILY = "1,2";
			};
			name = Release;
		};
/* End XCBuildConfiguration section */

/* Begin XCConfigurationList section */
		214260E7245E58F0008FCA4D /* Build configuration list for PBXProject "GoogleBloggerApp" */ = {
			isa = XCConfigurationList;
			buildConfigurations = (
				21426103245E58F2008FCA4D /* Debug */,
				21426104245E58F2008FCA4D /* Release */,
			);
			defaultConfigurationIsVisible = 0;
			defaultConfigurationName = Release;
		};
		21426105245E58F2008FCA4D /* Build configuration list for PBXNativeTarget "GoogleBloggerApp" */ = {
			isa = XCConfigurationList;
			buildConfigurations = (
				21426106245E58F2008FCA4D /* Debug */,
				21426107245E58F2008FCA4D /* Release */,
			);
			defaultConfigurationIsVisible = 0;
			defaultConfigurationName = Release;
		};
/* End XCConfigurationList section */

/* Begin XCVersionGroup section */
		214260F1245E58F0008FCA4D /* GoogleBloggerApp.xcdatamodeld */ = {
			isa = XCVersionGroup;
			children = (
				214260F2245E58F0008FCA4D /* GoogleBloggerApp.xcdatamodel */,
			);
			currentVersion = 214260F2245E58F0008FCA4D /* GoogleBloggerApp.xcdatamodel */;
			path = GoogleBloggerApp.xcdatamodeld;
			sourceTree = "<group>";
			versionGroupType = wrapper.xcdatamodel;
		};
/* End XCVersionGroup section */
	};
	rootObject = 214260E4245E58F0008FCA4D /* Project object */;
}
